// !$*UTF8*$!
{
	archiveVersion = 1;
	classes = {
	};
	objectVersion = 46;
	objects = {

/* Begin PBXBuildFile section */
		DFAE7CDB1ABD442600602EF8 /* ModelTableViewController.m in Sources */ = {isa = PBXBuildFile; fileRef = DFAE7CDA1ABD442600602EF8 /* ModelTableViewController.m */; };
		DFAE7CE11ABD49D100602EF8 /* Model.m in Sources */ = {isa = PBXBuildFile; fileRef = DFAE7CE01ABD49D100602EF8 /* Model.m */; };
		DFAE7CE41ABD571000602EF8 /* NewModelViewController.m in Sources */ = {isa = PBXBuildFile; fileRef = DFAE7CE31ABD571000602EF8 /* NewModelViewController.m */; };
		DFAE7CE71ABD572300602EF8 /* CompareModelViewController.m in Sources */ = {isa = PBXBuildFile; fileRef = DFAE7CE61ABD572300602EF8 /* CompareModelViewController.m */; };
		DFAE7D1E1ABD7AA900602EF8 /* MyoKit.framework in Frameworks */ = {isa = PBXBuildFile; fileRef = DFAE7D1D1ABD7AA900602EF8 /* MyoKit.framework */; };
		DFAE7D201ABD7AD200602EF8 /* CoreBluetooth.framework in Frameworks */ = {isa = PBXBuildFile; fileRef = DFAE7D1F1ABD7AD200602EF8 /* CoreBluetooth.framework */; };
		DFAE7D221ABD7ADE00602EF8 /* SystemConfiguration.framework in Frameworks */ = {isa = PBXBuildFile; fileRef = DFAE7D211ABD7ADE00602EF8 /* SystemConfiguration.framework */; };
		DFAE7D2C1ABDE95800602EF8 /* RoleModelSplash.png in Resources */ = {isa = PBXBuildFile; fileRef = DFAE7D2B1ABDE95800602EF8 /* RoleModelSplash.png */; };
		DFAE7D3D1ABE83B100602EF8 /* Buttonred_clip_art_hight.png in Resources */ = {isa = PBXBuildFile; fileRef = DFAE7D3C1ABE83B100602EF8 /* Buttonred_clip_art_hight.png */; };
		DFAE7D3F1ABE83B700602EF8 /* Buttongreen_clip_art_hight.png in Resources */ = {isa = PBXBuildFile; fileRef = DFAE7D3E1ABE83B700602EF8 /* Buttongreen_clip_art_hight.png */; };
		DFAE7D491ABE94B900602EF8 /* RoleModelBackground2.png in Resources */ = {isa = PBXBuildFile; fileRef = DFAE7D481ABE94B900602EF8 /* RoleModelBackground2.png */; };
		DFAE7D4B1ABE94C100602EF8 /* RoleModelBackground.png in Resources */ = {isa = PBXBuildFile; fileRef = DFAE7D4A1ABE94C100602EF8 /* RoleModelBackground.png */; };
		DFAE7D4E1ABE9ACF00602EF8 /* ModelGraphViewController.m in Sources */ = {isa = PBXBuildFile; fileRef = DFAE7D4D1ABE9ACF00602EF8 /* ModelGraphViewController.m */; };
		DFAE84A91ABEACEA00602EF8 /* QuartzCore.framework in Frameworks */ = {isa = PBXBuildFile; fileRef = DFAE84A81ABEACEA00602EF8 /* QuartzCore.framework */; };
		DFAE84AB1ABEACEF00602EF8 /* Accelerate.framework in Frameworks */ = {isa = PBXBuildFile; fileRef = DFAE84AA1ABEACEF00602EF8 /* Accelerate.framework */; };
		DFAE85C81ABEB09700602EF8 /* libCorePlot-CocoaTouch.a in Frameworks */ = {isa = PBXBuildFile; fileRef = DFAE85C61ABEB07D00602EF8 /* libCorePlot-CocoaTouch.a */; };
		DFBB49FE1ABD39C4005380D4 /* main.m in Sources */ = {isa = PBXBuildFile; fileRef = DFBB49FD1ABD39C4005380D4 /* main.m */; };
		DFBB4A011ABD39C4005380D4 /* AppDelegate.m in Sources */ = {isa = PBXBuildFile; fileRef = DFBB4A001ABD39C4005380D4 /* AppDelegate.m */; };
		DFBB4A041ABD39C4005380D4 /* ViewController.m in Sources */ = {isa = PBXBuildFile; fileRef = DFBB4A031ABD39C4005380D4 /* ViewController.m */; };
		DFBB4A071ABD39C4005380D4 /* Main.storyboard in Resources */ = {isa = PBXBuildFile; fileRef = DFBB4A051ABD39C4005380D4 /* Main.storyboard */; };
		DFBB4A091ABD39C4005380D4 /* Images.xcassets in Resources */ = {isa = PBXBuildFile; fileRef = DFBB4A081ABD39C4005380D4 /* Images.xcassets */; };
		DFBB4A0C1ABD39C4005380D4 /* LaunchScreen.xib in Resources */ = {isa = PBXBuildFile; fileRef = DFBB4A0A1ABD39C4005380D4 /* LaunchScreen.xib */; };
		DFBB4A181ABD39C4005380D4 /* RoleModelTests.m in Sources */ = {isa = PBXBuildFile; fileRef = DFBB4A171ABD39C4005380D4 /* RoleModelTests.m */; };
/* End PBXBuildFile section */

/* Begin PBXContainerItemProxy section */
		DFBB4A121ABD39C4005380D4 /* PBXContainerItemProxy */ = {
			isa = PBXContainerItemProxy;
			containerPortal = DFBB49F01ABD39C4005380D4 /* Project object */;
			proxyType = 1;
			remoteGlobalIDString = DFBB49F71ABD39C4005380D4;
			remoteInfo = RoleModel;
		};
/* End PBXContainerItemProxy section */

/* Begin PBXFileReference section */
		DFAE7CD91ABD442600602EF8 /* ModelTableViewController.h */ = {isa = PBXFileReference; fileEncoding = 4; lastKnownFileType = sourcecode.c.h; name = ModelTableViewController.h; path = ../ModelTableViewController.h; sourceTree = "<group>"; };
		DFAE7CDA1ABD442600602EF8 /* ModelTableViewController.m */ = {isa = PBXFileReference; fileEncoding = 4; lastKnownFileType = sourcecode.c.objc; name = ModelTableViewController.m; path = ../ModelTableViewController.m; sourceTree = "<group>"; };
		DFAE7CDF1ABD49D100602EF8 /* Model.h */ = {isa = PBXFileReference; fileEncoding = 4; lastKnownFileType = sourcecode.c.h; name = Model.h; path = ../Model.h; sourceTree = "<group>"; };
		DFAE7CE01ABD49D100602EF8 /* Model.m */ = {isa = PBXFileReference; fileEncoding = 4; lastKnownFileType = sourcecode.c.objc; name = Model.m; path = ../Model.m; sourceTree = "<group>"; };
		DFAE7CE21ABD571000602EF8 /* NewModelViewController.h */ = {isa = PBXFileReference; fileEncoding = 4; lastKnownFileType = sourcecode.c.h; name = NewModelViewController.h; path = ../NewModelViewController.h; sourceTree = "<group>"; };
		DFAE7CE31ABD571000602EF8 /* NewModelViewController.m */ = {isa = PBXFileReference; fileEncoding = 4; lastKnownFileType = sourcecode.c.objc; name = NewModelViewController.m; path = ../NewModelViewController.m; sourceTree = "<group>"; };
		DFAE7CE51ABD572300602EF8 /* CompareModelViewController.h */ = {isa = PBXFileReference; fileEncoding = 4; lastKnownFileType = sourcecode.c.h; name = CompareModelViewController.h; path = ../CompareModelViewController.h; sourceTree = "<group>"; };
		DFAE7CE61ABD572300602EF8 /* CompareModelViewController.m */ = {isa = PBXFileReference; fileEncoding = 4; lastKnownFileType = sourcecode.c.objc; name = CompareModelViewController.m; path = ../CompareModelViewController.m; sourceTree = "<group>"; };
		DFAE7D1D1ABD7AA900602EF8 /* MyoKit.framework */ = {isa = PBXFileReference; lastKnownFileType = wrapper.framework; path = MyoKit.framework; sourceTree = "<group>"; };
		DFAE7D1F1ABD7AD200602EF8 /* CoreBluetooth.framework */ = {isa = PBXFileReference; lastKnownFileType = wrapper.framework; name = CoreBluetooth.framework; path = System/Library/Frameworks/CoreBluetooth.framework; sourceTree = SDKROOT; };
		DFAE7D211ABD7ADE00602EF8 /* SystemConfiguration.framework */ = {isa = PBXFileReference; lastKnownFileType = wrapper.framework; name = SystemConfiguration.framework; path = System/Library/Frameworks/SystemConfiguration.framework; sourceTree = SDKROOT; };
		DFAE7D2B1ABDE95800602EF8 /* RoleModelSplash.png */ = {isa = PBXFileReference; lastKnownFileType = image.png; path = RoleModelSplash.png; sourceTree = "<group>"; };
		DFAE7D3C1ABE83B100602EF8 /* Buttonred_clip_art_hight.png */ = {isa = PBXFileReference; lastKnownFileType = image.png; path = Buttonred_clip_art_hight.png; sourceTree = "<group>"; };
		DFAE7D3E1ABE83B700602EF8 /* Buttongreen_clip_art_hight.png */ = {isa = PBXFileReference; lastKnownFileType = image.png; path = Buttongreen_clip_art_hight.png; sourceTree = "<group>"; };
		DFAE7D481ABE94B900602EF8 /* RoleModelBackground2.png */ = {isa = PBXFileReference; lastKnownFileType = image.png; path = RoleModelBackground2.png; sourceTree = "<group>"; };
		DFAE7D4A1ABE94C100602EF8 /* RoleModelBackground.png */ = {isa = PBXFileReference; lastKnownFileType = image.png; path = RoleModelBackground.png; sourceTree = "<group>"; };
		DFAE7D4C1ABE9ACF00602EF8 /* ModelGraphViewController.h */ = {isa = PBXFileReference; fileEncoding = 4; lastKnownFileType = sourcecode.c.h; name = ModelGraphViewController.h; path = ../ModelGraphViewController.h; sourceTree = "<group>"; };
		DFAE7D4D1ABE9ACF00602EF8 /* ModelGraphViewController.m */ = {isa = PBXFileReference; fileEncoding = 4; lastKnownFileType = sourcecode.c.objc; name = ModelGraphViewController.m; path = ../ModelGraphViewController.m; sourceTree = "<group>"; };
		DFAE84A81ABEACEA00602EF8 /* QuartzCore.framework */ = {isa = PBXFileReference; lastKnownFileType = wrapper.framework; name = QuartzCore.framework; path = System/Library/Frameworks/QuartzCore.framework; sourceTree = SDKROOT; };
		DFAE84AA1ABEACEF00602EF8 /* Accelerate.framework */ = {isa = PBXFileReference; lastKnownFileType = wrapper.framework; name = Accelerate.framework; path = System/Library/Frameworks/Accelerate.framework; sourceTree = SDKROOT; };
		DFAE85781ABEB07D00602EF8 /* CorePlot-CocoaTouch.h */ = {isa = PBXFileReference; fileEncoding = 4; lastKnownFileType = sourcecode.c.h; path = "CorePlot-CocoaTouch.h"; sourceTree = "<group>"; };
		DFAE85791ABEB07D00602EF8 /* CPTAnimation.h */ = {isa = PBXFileReference; fileEncoding = 4; lastKnownFileType = sourcecode.c.h; path = CPTAnimation.h; sourceTree = "<group>"; };
		DFAE857A1ABEB07D00602EF8 /* CPTAnimationOperation.h */ = {isa = PBXFileReference; fileEncoding = 4; lastKnownFileType = sourcecode.c.h; path = CPTAnimationOperation.h; sourceTree = "<group>"; };
		DFAE857B1ABEB07D00602EF8 /* CPTAnimationPeriod.h */ = {isa = PBXFileReference; fileEncoding = 4; lastKnownFileType = sourcecode.c.h; path = CPTAnimationPeriod.h; sourceTree = "<group>"; };
		DFAE857C1ABEB07D00602EF8 /* CPTAnnotation.h */ = {isa = PBXFileReference; fileEncoding = 4; lastKnownFileType = sourcecode.c.h; path = CPTAnnotation.h; sourceTree = "<group>"; };
		DFAE857D1ABEB07D00602EF8 /* CPTAnnotationHostLayer.h */ = {isa = PBXFileReference; fileEncoding = 4; lastKnownFileType = sourcecode.c.h; path = CPTAnnotationHostLayer.h; sourceTree = "<group>"; };
		DFAE857E1ABEB07D00602EF8 /* CPTAxis.h */ = {isa = PBXFileReference; fileEncoding = 4; lastKnownFileType = sourcecode.c.h; path = CPTAxis.h; sourceTree = "<group>"; };
		DFAE857F1ABEB07D00602EF8 /* CPTAxisLabel.h */ = {isa = PBXFileReference; fileEncoding = 4; lastKnownFileType = sourcecode.c.h; path = CPTAxisLabel.h; sourceTree = "<group>"; };
		DFAE85801ABEB07D00602EF8 /* CPTAxisLabelGroup.h */ = {isa = PBXFileReference; fileEncoding = 4; lastKnownFileType = sourcecode.c.h; path = CPTAxisLabelGroup.h; sourceTree = "<group>"; };
		DFAE85811ABEB07D00602EF8 /* CPTAxisSet.h */ = {isa = PBXFileReference; fileEncoding = 4; lastKnownFileType = sourcecode.c.h; path = CPTAxisSet.h; sourceTree = "<group>"; };
		DFAE85821ABEB07D00602EF8 /* CPTAxisTitle.h */ = {isa = PBXFileReference; fileEncoding = 4; lastKnownFileType = sourcecode.c.h; path = CPTAxisTitle.h; sourceTree = "<group>"; };
		DFAE85831ABEB07D00602EF8 /* CPTBarPlot.h */ = {isa = PBXFileReference; fileEncoding = 4; lastKnownFileType = sourcecode.c.h; path = CPTBarPlot.h; sourceTree = "<group>"; };
		DFAE85841ABEB07D00602EF8 /* CPTBorderedLayer.h */ = {isa = PBXFileReference; fileEncoding = 4; lastKnownFileType = sourcecode.c.h; path = CPTBorderedLayer.h; sourceTree = "<group>"; };
		DFAE85851ABEB07D00602EF8 /* CPTCalendarFormatter.h */ = {isa = PBXFileReference; fileEncoding = 4; lastKnownFileType = sourcecode.c.h; path = CPTCalendarFormatter.h; sourceTree = "<group>"; };
		DFAE85861ABEB07D00602EF8 /* CPTColor.h */ = {isa = PBXFileReference; fileEncoding = 4; lastKnownFileType = sourcecode.c.h; path = CPTColor.h; sourceTree = "<group>"; };
		DFAE85871ABEB07D00602EF8 /* CPTColorSpace.h */ = {isa = PBXFileReference; fileEncoding = 4; lastKnownFileType = sourcecode.c.h; path = CPTColorSpace.h; sourceTree = "<group>"; };
		DFAE85881ABEB07D00602EF8 /* CPTConstraints.h */ = {isa = PBXFileReference; fileEncoding = 4; lastKnownFileType = sourcecode.c.h; path = CPTConstraints.h; sourceTree = "<group>"; };
		DFAE85891ABEB07D00602EF8 /* CPTDataSourceTestCase.h */ = {isa = PBXFileReference; fileEncoding = 4; lastKnownFileType = sourcecode.c.h; path = CPTDataSourceTestCase.h; sourceTree = "<group>"; };
		DFAE858A1ABEB07D00602EF8 /* CPTDefinitions.h */ = {isa = PBXFileReference; fileEncoding = 4; lastKnownFileType = sourcecode.c.h; path = CPTDefinitions.h; sourceTree = "<group>"; };
		DFAE858B1ABEB07D00602EF8 /* CPTDerivedXYGraph.h */ = {isa = PBXFileReference; fileEncoding = 4; lastKnownFileType = sourcecode.c.h; path = CPTDerivedXYGraph.h; sourceTree = "<group>"; };
		DFAE858C1ABEB07D00602EF8 /* CPTExceptions.h */ = {isa = PBXFileReference; fileEncoding = 4; lastKnownFileType = sourcecode.c.h; path = CPTExceptions.h; sourceTree = "<group>"; };
		DFAE858D1ABEB07D00602EF8 /* CPTFill.h */ = {isa = PBXFileReference; fileEncoding = 4; lastKnownFileType = sourcecode.c.h; path = CPTFill.h; sourceTree = "<group>"; };
		DFAE858E1ABEB07D00602EF8 /* CPTFunctionDataSource.h */ = {isa = PBXFileReference; fileEncoding = 4; lastKnownFileType = sourcecode.c.h; path = CPTFunctionDataSource.h; sourceTree = "<group>"; };
		DFAE858F1ABEB07D00602EF8 /* CPTGradient.h */ = {isa = PBXFileReference; fileEncoding = 4; lastKnownFileType = sourcecode.c.h; path = CPTGradient.h; sourceTree = "<group>"; };
		DFAE85901ABEB07D00602EF8 /* CPTGraph.h */ = {isa = PBXFileReference; fileEncoding = 4; lastKnownFileType = sourcecode.c.h; path = CPTGraph.h; sourceTree = "<group>"; };
		DFAE85911ABEB07D00602EF8 /* CPTGraphHostingView.h */ = {isa = PBXFileReference; fileEncoding = 4; lastKnownFileType = sourcecode.c.h; path = CPTGraphHostingView.h; sourceTree = "<group>"; };
		DFAE85921ABEB07D00602EF8 /* CPTGridLineGroup.h */ = {isa = PBXFileReference; fileEncoding = 4; lastKnownFileType = sourcecode.c.h; path = CPTGridLineGroup.h; sourceTree = "<group>"; };
		DFAE85931ABEB07D00602EF8 /* CPTGridLines.h */ = {isa = PBXFileReference; fileEncoding = 4; lastKnownFileType = sourcecode.c.h; path = CPTGridLines.h; sourceTree = "<group>"; };
		DFAE85941ABEB07D00602EF8 /* CPTImage.h */ = {isa = PBXFileReference; fileEncoding = 4; lastKnownFileType = sourcecode.c.h; path = CPTImage.h; sourceTree = "<group>"; };
		DFAE85951ABEB07D00602EF8 /* CPTLayer.h */ = {isa = PBXFileReference; fileEncoding = 4; lastKnownFileType = sourcecode.c.h; path = CPTLayer.h; sourceTree = "<group>"; };
		DFAE85961ABEB07D00602EF8 /* CPTLayerAnnotation.h */ = {isa = PBXFileReference; fileEncoding = 4; lastKnownFileType = sourcecode.c.h; path = CPTLayerAnnotation.h; sourceTree = "<group>"; };
		DFAE85971ABEB07D00602EF8 /* CPTLegend.h */ = {isa = PBXFileReference; fileEncoding = 4; lastKnownFileType = sourcecode.c.h; path = CPTLegend.h; sourceTree = "<group>"; };
		DFAE85981ABEB07D00602EF8 /* CPTLegendEntry.h */ = {isa = PBXFileReference; fileEncoding = 4; lastKnownFileType = sourcecode.c.h; path = CPTLegendEntry.h; sourceTree = "<group>"; };
		DFAE85991ABEB07D00602EF8 /* CPTLimitBand.h */ = {isa = PBXFileReference; fileEncoding = 4; lastKnownFileType = sourcecode.c.h; path = CPTLimitBand.h; sourceTree = "<group>"; };
		DFAE859A1ABEB07D00602EF8 /* CPTLineCap.h */ = {isa = PBXFileReference; fileEncoding = 4; lastKnownFileType = sourcecode.c.h; path = CPTLineCap.h; sourceTree = "<group>"; };
		DFAE859B1ABEB07D00602EF8 /* CPTLineStyle.h */ = {isa = PBXFileReference; fileEncoding = 4; lastKnownFileType = sourcecode.c.h; path = CPTLineStyle.h; sourceTree = "<group>"; };
		DFAE859C1ABEB07D00602EF8 /* CPTMutableLineStyle.h */ = {isa = PBXFileReference; fileEncoding = 4; lastKnownFileType = sourcecode.c.h; path = CPTMutableLineStyle.h; sourceTree = "<group>"; };
		DFAE859D1ABEB07D00602EF8 /* CPTMutableNumericData+TypeConversion.h */ = {isa = PBXFileReference; fileEncoding = 4; lastKnownFileType = sourcecode.c.h; path = "CPTMutableNumericData+TypeConversion.h"; sourceTree = "<group>"; };
		DFAE859E1ABEB07D00602EF8 /* CPTMutableNumericData.h */ = {isa = PBXFileReference; fileEncoding = 4; lastKnownFileType = sourcecode.c.h; path = CPTMutableNumericData.h; sourceTree = "<group>"; };
		DFAE859F1ABEB07D00602EF8 /* CPTMutablePlotRange.h */ = {isa = PBXFileReference; fileEncoding = 4; lastKnownFileType = sourcecode.c.h; path = CPTMutablePlotRange.h; sourceTree = "<group>"; };
		DFAE85A01ABEB07D00602EF8 /* CPTMutableShadow.h */ = {isa = PBXFileReference; fileEncoding = 4; lastKnownFileType = sourcecode.c.h; path = CPTMutableShadow.h; sourceTree = "<group>"; };
		DFAE85A11ABEB07D00602EF8 /* CPTMutableTextStyle.h */ = {isa = PBXFileReference; fileEncoding = 4; lastKnownFileType = sourcecode.c.h; path = CPTMutableTextStyle.h; sourceTree = "<group>"; };
		DFAE85A21ABEB07D00602EF8 /* CPTNumericData+TypeConversion.h */ = {isa = PBXFileReference; fileEncoding = 4; lastKnownFileType = sourcecode.c.h; path = "CPTNumericData+TypeConversion.h"; sourceTree = "<group>"; };
		DFAE85A31ABEB07D00602EF8 /* CPTNumericData.h */ = {isa = PBXFileReference; fileEncoding = 4; lastKnownFileType = sourcecode.c.h; path = CPTNumericData.h; sourceTree = "<group>"; };
		DFAE85A41ABEB07D00602EF8 /* CPTNumericDataType.h */ = {isa = PBXFileReference; fileEncoding = 4; lastKnownFileType = sourcecode.c.h; path = CPTNumericDataType.h; sourceTree = "<group>"; };
		DFAE85A51ABEB07D00602EF8 /* CPTPathExtensions.h */ = {isa = PBXFileReference; fileEncoding = 4; lastKnownFileType = sourcecode.c.h; path = CPTPathExtensions.h; sourceTree = "<group>"; };
		DFAE85A61ABEB07D00602EF8 /* CPTPieChart.h */ = {isa = PBXFileReference; fileEncoding = 4; lastKnownFileType = sourcecode.c.h; path = CPTPieChart.h; sourceTree = "<group>"; };
		DFAE85A71ABEB07D00602EF8 /* CPTPlatformSpecificCategories.h */ = {isa = PBXFileReference; fileEncoding = 4; lastKnownFileType = sourcecode.c.h; path = CPTPlatformSpecificCategories.h; sourceTree = "<group>"; };
		DFAE85A81ABEB07D00602EF8 /* CPTPlatformSpecificDefines.h */ = {isa = PBXFileReference; fileEncoding = 4; lastKnownFileType = sourcecode.c.h; path = CPTPlatformSpecificDefines.h; sourceTree = "<group>"; };
		DFAE85A91ABEB07D00602EF8 /* CPTPlatformSpecificFunctions.h */ = {isa = PBXFileReference; fileEncoding = 4; lastKnownFileType = sourcecode.c.h; path = CPTPlatformSpecificFunctions.h; sourceTree = "<group>"; };
		DFAE85AA1ABEB07D00602EF8 /* CPTPlot.h */ = {isa = PBXFileReference; fileEncoding = 4; lastKnownFileType = sourcecode.c.h; path = CPTPlot.h; sourceTree = "<group>"; };
		DFAE85AB1ABEB07D00602EF8 /* CPTPlotArea.h */ = {isa = PBXFileReference; fileEncoding = 4; lastKnownFileType = sourcecode.c.h; path = CPTPlotArea.h; sourceTree = "<group>"; };
		DFAE85AC1ABEB07D00602EF8 /* CPTPlotAreaFrame.h */ = {isa = PBXFileReference; fileEncoding = 4; lastKnownFileType = sourcecode.c.h; path = CPTPlotAreaFrame.h; sourceTree = "<group>"; };
		DFAE85AD1ABEB07D00602EF8 /* CPTPlotGroup.h */ = {isa = PBXFileReference; fileEncoding = 4; lastKnownFileType = sourcecode.c.h; path = CPTPlotGroup.h; sourceTree = "<group>"; };
		DFAE85AE1ABEB07D00602EF8 /* CPTPlotRange.h */ = {isa = PBXFileReference; fileEncoding = 4; lastKnownFileType = sourcecode.c.h; path = CPTPlotRange.h; sourceTree = "<group>"; };
		DFAE85AF1ABEB07D00602EF8 /* CPTPlotSpace.h */ = {isa = PBXFileReference; fileEncoding = 4; lastKnownFileType = sourcecode.c.h; path = CPTPlotSpace.h; sourceTree = "<group>"; };
		DFAE85B01ABEB07D00602EF8 /* CPTPlotSpaceAnnotation.h */ = {isa = PBXFileReference; fileEncoding = 4; lastKnownFileType = sourcecode.c.h; path = CPTPlotSpaceAnnotation.h; sourceTree = "<group>"; };
		DFAE85B11ABEB07D00602EF8 /* CPTPlotSymbol.h */ = {isa = PBXFileReference; fileEncoding = 4; lastKnownFileType = sourcecode.c.h; path = CPTPlotSymbol.h; sourceTree = "<group>"; };
		DFAE85B21ABEB07D00602EF8 /* CPTRangePlot.h */ = {isa = PBXFileReference; fileEncoding = 4; lastKnownFileType = sourcecode.c.h; path = CPTRangePlot.h; sourceTree = "<group>"; };
		DFAE85B31ABEB07D00602EF8 /* CPTResponder.h */ = {isa = PBXFileReference; fileEncoding = 4; lastKnownFileType = sourcecode.c.h; path = CPTResponder.h; sourceTree = "<group>"; };
		DFAE85B41ABEB07D00602EF8 /* CPTScatterPlot.h */ = {isa = PBXFileReference; fileEncoding = 4; lastKnownFileType = sourcecode.c.h; path = CPTScatterPlot.h; sourceTree = "<group>"; };
		DFAE85B51ABEB07D00602EF8 /* CPTShadow.h */ = {isa = PBXFileReference; fileEncoding = 4; lastKnownFileType = sourcecode.c.h; path = CPTShadow.h; sourceTree = "<group>"; };
		DFAE85B61ABEB07D00602EF8 /* CPTTestCase.h */ = {isa = PBXFileReference; fileEncoding = 4; lastKnownFileType = sourcecode.c.h; path = CPTTestCase.h; sourceTree = "<group>"; };
		DFAE85B71ABEB07D00602EF8 /* CPTTextLayer.h */ = {isa = PBXFileReference; fileEncoding = 4; lastKnownFileType = sourcecode.c.h; path = CPTTextLayer.h; sourceTree = "<group>"; };
		DFAE85B81ABEB07D00602EF8 /* CPTTextStyle.h */ = {isa = PBXFileReference; fileEncoding = 4; lastKnownFileType = sourcecode.c.h; path = CPTTextStyle.h; sourceTree = "<group>"; };
		DFAE85B91ABEB07D00602EF8 /* CPTTextStylePlatformSpecific.h */ = {isa = PBXFileReference; fileEncoding = 4; lastKnownFileType = sourcecode.c.h; path = CPTTextStylePlatformSpecific.h; sourceTree = "<group>"; };
		DFAE85BA1ABEB07D00602EF8 /* CPTTheme.h */ = {isa = PBXFileReference; fileEncoding = 4; lastKnownFileType = sourcecode.c.h; path = CPTTheme.h; sourceTree = "<group>"; };
		DFAE85BB1ABEB07D00602EF8 /* CPTTimeFormatter.h */ = {isa = PBXFileReference; fileEncoding = 4; lastKnownFileType = sourcecode.c.h; path = CPTTimeFormatter.h; sourceTree = "<group>"; };
		DFAE85BC1ABEB07D00602EF8 /* CPTTradingRangePlot.h */ = {isa = PBXFileReference; fileEncoding = 4; lastKnownFileType = sourcecode.c.h; path = CPTTradingRangePlot.h; sourceTree = "<group>"; };
		DFAE85BD1ABEB07D00602EF8 /* CPTUtilities.h */ = {isa = PBXFileReference; fileEncoding = 4; lastKnownFileType = sourcecode.c.h; path = CPTUtilities.h; sourceTree = "<group>"; };
		DFAE85BE1ABEB07D00602EF8 /* CPTXYAxis.h */ = {isa = PBXFileReference; fileEncoding = 4; lastKnownFileType = sourcecode.c.h; path = CPTXYAxis.h; sourceTree = "<group>"; };
		DFAE85BF1ABEB07D00602EF8 /* CPTXYAxisSet.h */ = {isa = PBXFileReference; fileEncoding = 4; lastKnownFileType = sourcecode.c.h; path = CPTXYAxisSet.h; sourceTree = "<group>"; };
		DFAE85C01ABEB07D00602EF8 /* CPTXYGraph.h */ = {isa = PBXFileReference; fileEncoding = 4; lastKnownFileType = sourcecode.c.h; path = CPTXYGraph.h; sourceTree = "<group>"; };
		DFAE85C11ABEB07D00602EF8 /* CPTXYPlotSpace.h */ = {isa = PBXFileReference; fileEncoding = 4; lastKnownFileType = sourcecode.c.h; path = CPTXYPlotSpace.h; sourceTree = "<group>"; };
		DFAE85C21ABEB07D00602EF8 /* mainpage.h */ = {isa = PBXFileReference; fileEncoding = 4; lastKnownFileType = sourcecode.c.h; path = mainpage.h; sourceTree = "<group>"; };
		DFAE85C31ABEB07D00602EF8 /* NSCoderExtensions.h */ = {isa = PBXFileReference; fileEncoding = 4; lastKnownFileType = sourcecode.c.h; path = NSCoderExtensions.h; sourceTree = "<group>"; };
		DFAE85C41ABEB07D00602EF8 /* NSDecimalNumberExtensions.h */ = {isa = PBXFileReference; fileEncoding = 4; lastKnownFileType = sourcecode.c.h; path = NSDecimalNumberExtensions.h; sourceTree = "<group>"; };
		DFAE85C51ABEB07D00602EF8 /* NSNumberExtensions.h */ = {isa = PBXFileReference; fileEncoding = 4; lastKnownFileType = sourcecode.c.h; path = NSNumberExtensions.h; sourceTree = "<group>"; };
		DFAE85C61ABEB07D00602EF8 /* libCorePlot-CocoaTouch.a */ = {isa = PBXFileReference; lastKnownFileType = archive.ar; path = "libCorePlot-CocoaTouch.a"; sourceTree = "<group>"; };
		DFBB49F81ABD39C4005380D4 /* RoleModel.app */ = {isa = PBXFileReference; explicitFileType = wrapper.application; includeInIndex = 0; path = RoleModel.app; sourceTree = BUILT_PRODUCTS_DIR; };
		DFBB49FC1ABD39C4005380D4 /* Info.plist */ = {isa = PBXFileReference; lastKnownFileType = text.plist.xml; path = Info.plist; sourceTree = "<group>"; };
		DFBB49FD1ABD39C4005380D4 /* main.m */ = {isa = PBXFileReference; lastKnownFileType = sourcecode.c.objc; path = main.m; sourceTree = "<group>"; };
		DFBB49FF1ABD39C4005380D4 /* AppDelegate.h */ = {isa = PBXFileReference; lastKnownFileType = sourcecode.c.h; path = AppDelegate.h; sourceTree = "<group>"; };
		DFBB4A001ABD39C4005380D4 /* AppDelegate.m */ = {isa = PBXFileReference; lastKnownFileType = sourcecode.c.objc; path = AppDelegate.m; sourceTree = "<group>"; };
		DFBB4A021ABD39C4005380D4 /* ViewController.h */ = {isa = PBXFileReference; lastKnownFileType = sourcecode.c.h; path = ViewController.h; sourceTree = "<group>"; };
		DFBB4A031ABD39C4005380D4 /* ViewController.m */ = {isa = PBXFileReference; lastKnownFileType = sourcecode.c.objc; path = ViewController.m; sourceTree = "<group>"; };
		DFBB4A061ABD39C4005380D4 /* Base */ = {isa = PBXFileReference; lastKnownFileType = file.storyboard; name = Base; path = Base.lproj/Main.storyboard; sourceTree = "<group>"; };
		DFBB4A081ABD39C4005380D4 /* Images.xcassets */ = {isa = PBXFileReference; lastKnownFileType = folder.assetcatalog; path = Images.xcassets; sourceTree = "<group>"; };
		DFBB4A0B1ABD39C4005380D4 /* Base */ = {isa = PBXFileReference; lastKnownFileType = file.xib; name = Base; path = Base.lproj/LaunchScreen.xib; sourceTree = "<group>"; };
		DFBB4A111ABD39C4005380D4 /* RoleModelTests.xctest */ = {isa = PBXFileReference; explicitFileType = wrapper.cfbundle; includeInIndex = 0; path = RoleModelTests.xctest; sourceTree = BUILT_PRODUCTS_DIR; };
		DFBB4A161ABD39C4005380D4 /* Info.plist */ = {isa = PBXFileReference; lastKnownFileType = text.plist.xml; path = Info.plist; sourceTree = "<group>"; };
		DFBB4A171ABD39C4005380D4 /* RoleModelTests.m */ = {isa = PBXFileReference; lastKnownFileType = sourcecode.c.objc; path = RoleModelTests.m; sourceTree = "<group>"; };
/* End PBXFileReference section */

/* Begin PBXFrameworksBuildPhase section */
		DFBB49F51ABD39C4005380D4 /* Frameworks */ = {
			isa = PBXFrameworksBuildPhase;
			buildActionMask = 2147483647;
			files = (
				DFAE84AB1ABEACEF00602EF8 /* Accelerate.framework in Frameworks */,
				DFAE85C81ABEB09700602EF8 /* libCorePlot-CocoaTouch.a in Frameworks */,
				DFAE84A91ABEACEA00602EF8 /* QuartzCore.framework in Frameworks */,
				DFAE7D221ABD7ADE00602EF8 /* SystemConfiguration.framework in Frameworks */,
				DFAE7D201ABD7AD200602EF8 /* CoreBluetooth.framework in Frameworks */,
				DFAE7D1E1ABD7AA900602EF8 /* MyoKit.framework in Frameworks */,
			);
			runOnlyForDeploymentPostprocessing = 0;
		};
		DFBB4A0E1ABD39C4005380D4 /* Frameworks */ = {
			isa = PBXFrameworksBuildPhase;
			buildActionMask = 2147483647;
			files = (
			);
			runOnlyForDeploymentPostprocessing = 0;
		};
/* End PBXFrameworksBuildPhase section */

/* Begin PBXGroup section */
		DFAE85771ABEB07D00602EF8 /* CorePlotHeaders */ = {
			isa = PBXGroup;
			children = (
				DFAE85781ABEB07D00602EF8 /* CorePlot-CocoaTouch.h */,
				DFAE85791ABEB07D00602EF8 /* CPTAnimation.h */,
				DFAE857A1ABEB07D00602EF8 /* CPTAnimationOperation.h */,
				DFAE857B1ABEB07D00602EF8 /* CPTAnimationPeriod.h */,
				DFAE857C1ABEB07D00602EF8 /* CPTAnnotation.h */,
				DFAE857D1ABEB07D00602EF8 /* CPTAnnotationHostLayer.h */,
				DFAE857E1ABEB07D00602EF8 /* CPTAxis.h */,
				DFAE857F1ABEB07D00602EF8 /* CPTAxisLabel.h */,
				DFAE85801ABEB07D00602EF8 /* CPTAxisLabelGroup.h */,
				DFAE85811ABEB07D00602EF8 /* CPTAxisSet.h */,
				DFAE85821ABEB07D00602EF8 /* CPTAxisTitle.h */,
				DFAE85831ABEB07D00602EF8 /* CPTBarPlot.h */,
				DFAE85841ABEB07D00602EF8 /* CPTBorderedLayer.h */,
				DFAE85851ABEB07D00602EF8 /* CPTCalendarFormatter.h */,
				DFAE85861ABEB07D00602EF8 /* CPTColor.h */,
				DFAE85871ABEB07D00602EF8 /* CPTColorSpace.h */,
				DFAE85881ABEB07D00602EF8 /* CPTConstraints.h */,
				DFAE85891ABEB07D00602EF8 /* CPTDataSourceTestCase.h */,
				DFAE858A1ABEB07D00602EF8 /* CPTDefinitions.h */,
				DFAE858B1ABEB07D00602EF8 /* CPTDerivedXYGraph.h */,
				DFAE858C1ABEB07D00602EF8 /* CPTExceptions.h */,
				DFAE858D1ABEB07D00602EF8 /* CPTFill.h */,
				DFAE858E1ABEB07D00602EF8 /* CPTFunctionDataSource.h */,
				DFAE858F1ABEB07D00602EF8 /* CPTGradient.h */,
				DFAE85901ABEB07D00602EF8 /* CPTGraph.h */,
				DFAE85911ABEB07D00602EF8 /* CPTGraphHostingView.h */,
				DFAE85921ABEB07D00602EF8 /* CPTGridLineGroup.h */,
				DFAE85931ABEB07D00602EF8 /* CPTGridLines.h */,
				DFAE85941ABEB07D00602EF8 /* CPTImage.h */,
				DFAE85951ABEB07D00602EF8 /* CPTLayer.h */,
				DFAE85961ABEB07D00602EF8 /* CPTLayerAnnotation.h */,
				DFAE85971ABEB07D00602EF8 /* CPTLegend.h */,
				DFAE85981ABEB07D00602EF8 /* CPTLegendEntry.h */,
				DFAE85991ABEB07D00602EF8 /* CPTLimitBand.h */,
				DFAE859A1ABEB07D00602EF8 /* CPTLineCap.h */,
				DFAE859B1ABEB07D00602EF8 /* CPTLineStyle.h */,
				DFAE859C1ABEB07D00602EF8 /* CPTMutableLineStyle.h */,
				DFAE859D1ABEB07D00602EF8 /* CPTMutableNumericData+TypeConversion.h */,
				DFAE859E1ABEB07D00602EF8 /* CPTMutableNumericData.h */,
				DFAE859F1ABEB07D00602EF8 /* CPTMutablePlotRange.h */,
				DFAE85A01ABEB07D00602EF8 /* CPTMutableShadow.h */,
				DFAE85A11ABEB07D00602EF8 /* CPTMutableTextStyle.h */,
				DFAE85A21ABEB07D00602EF8 /* CPTNumericData+TypeConversion.h */,
				DFAE85A31ABEB07D00602EF8 /* CPTNumericData.h */,
				DFAE85A41ABEB07D00602EF8 /* CPTNumericDataType.h */,
				DFAE85A51ABEB07D00602EF8 /* CPTPathExtensions.h */,
				DFAE85A61ABEB07D00602EF8 /* CPTPieChart.h */,
				DFAE85A71ABEB07D00602EF8 /* CPTPlatformSpecificCategories.h */,
				DFAE85A81ABEB07D00602EF8 /* CPTPlatformSpecificDefines.h */,
				DFAE85A91ABEB07D00602EF8 /* CPTPlatformSpecificFunctions.h */,
				DFAE85AA1ABEB07D00602EF8 /* CPTPlot.h */,
				DFAE85AB1ABEB07D00602EF8 /* CPTPlotArea.h */,
				DFAE85AC1ABEB07D00602EF8 /* CPTPlotAreaFrame.h */,
				DFAE85AD1ABEB07D00602EF8 /* CPTPlotGroup.h */,
				DFAE85AE1ABEB07D00602EF8 /* CPTPlotRange.h */,
				DFAE85AF1ABEB07D00602EF8 /* CPTPlotSpace.h */,
				DFAE85B01ABEB07D00602EF8 /* CPTPlotSpaceAnnotation.h */,
				DFAE85B11ABEB07D00602EF8 /* CPTPlotSymbol.h */,
				DFAE85B21ABEB07D00602EF8 /* CPTRangePlot.h */,
				DFAE85B31ABEB07D00602EF8 /* CPTResponder.h */,
				DFAE85B41ABEB07D00602EF8 /* CPTScatterPlot.h */,
				DFAE85B51ABEB07D00602EF8 /* CPTShadow.h */,
				DFAE85B61ABEB07D00602EF8 /* CPTTestCase.h */,
				DFAE85B71ABEB07D00602EF8 /* CPTTextLayer.h */,
				DFAE85B81ABEB07D00602EF8 /* CPTTextStyle.h */,
				DFAE85B91ABEB07D00602EF8 /* CPTTextStylePlatformSpecific.h */,
				DFAE85BA1ABEB07D00602EF8 /* CPTTheme.h */,
				DFAE85BB1ABEB07D00602EF8 /* CPTTimeFormatter.h */,
				DFAE85BC1ABEB07D00602EF8 /* CPTTradingRangePlot.h */,
				DFAE85BD1ABEB07D00602EF8 /* CPTUtilities.h */,
				DFAE85BE1ABEB07D00602EF8 /* CPTXYAxis.h */,
				DFAE85BF1ABEB07D00602EF8 /* CPTXYAxisSet.h */,
				DFAE85C01ABEB07D00602EF8 /* CPTXYGraph.h */,
				DFAE85C11ABEB07D00602EF8 /* CPTXYPlotSpace.h */,
				DFAE85C21ABEB07D00602EF8 /* mainpage.h */,
				DFAE85C31ABEB07D00602EF8 /* NSCoderExtensions.h */,
				DFAE85C41ABEB07D00602EF8 /* NSDecimalNumberExtensions.h */,
				DFAE85C51ABEB07D00602EF8 /* NSNumberExtensions.h */,
			);
			path = CorePlotHeaders;
			sourceTree = "<group>";
		};
		DFBB49EF1ABD39C4005380D4 = {
			isa = PBXGroup;
			children = (
				DFAE85C61ABEB07D00602EF8 /* libCorePlot-CocoaTouch.a */,
				DFAE85771ABEB07D00602EF8 /* CorePlotHeaders */,
				DFAE84AA1ABEACEF00602EF8 /* Accelerate.framework */,
				DFAE84A81ABEACEA00602EF8 /* QuartzCore.framework */,
				DFAE7D3C1ABE83B100602EF8 /* Buttonred_clip_art_hight.png */,
				DFAE7D2B1ABDE95800602EF8 /* RoleModelSplash.png */,
				DFAE7D481ABE94B900602EF8 /* RoleModelBackground2.png */,
				DFAE7D4A1ABE94C100602EF8 /* RoleModelBackground.png */,
				DFAE7D3E1ABE83B700602EF8 /* Buttongreen_clip_art_hight.png */,
				DFAE7D211ABD7ADE00602EF8 /* SystemConfiguration.framework */,
				DFAE7D1F1ABD7AD200602EF8 /* CoreBluetooth.framework */,
				DFAE7D1D1ABD7AA900602EF8 /* MyoKit.framework */,
				DFBB49FA1ABD39C4005380D4 /* RoleModel */,
				DFBB4A141ABD39C4005380D4 /* RoleModelTests */,
				DFBB49F91ABD39C4005380D4 /* Products */,
			);
			sourceTree = "<group>";
		};
		DFBB49F91ABD39C4005380D4 /* Products */ = {
			isa = PBXGroup;
			children = (
				DFBB49F81ABD39C4005380D4 /* RoleModel.app */,
				DFBB4A111ABD39C4005380D4 /* RoleModelTests.xctest */,
			);
			name = Products;
			sourceTree = "<group>";
		};
		DFBB49FA1ABD39C4005380D4 /* RoleModel */ = {
			isa = PBXGroup;
			children = (
				DFBB49FF1ABD39C4005380D4 /* AppDelegate.h */,
				DFBB4A001ABD39C4005380D4 /* AppDelegate.m */,
				DFBB4A021ABD39C4005380D4 /* ViewController.h */,
				DFBB4A031ABD39C4005380D4 /* ViewController.m */,
				DFBB4A051ABD39C4005380D4 /* Main.storyboard */,
				DFBB4A081ABD39C4005380D4 /* Images.xcassets */,
				DFBB4A0A1ABD39C4005380D4 /* LaunchScreen.xib */,
				DFAE7CD91ABD442600602EF8 /* ModelTableViewController.h */,
				DFAE7CDA1ABD442600602EF8 /* ModelTableViewController.m */,
				DFAE7CE51ABD572300602EF8 /* CompareModelViewController.h */,
				DFAE7CE61ABD572300602EF8 /* CompareModelViewController.m */,
				DFAE7CE21ABD571000602EF8 /* NewModelViewController.h */,
				DFAE7CE31ABD571000602EF8 /* NewModelViewController.m */,
				DFAE7D4C1ABE9ACF00602EF8 /* ModelGraphViewController.h */,
				DFAE7D4D1ABE9ACF00602EF8 /* ModelGraphViewController.m */,
				DFAE7CDF1ABD49D100602EF8 /* Model.h */,
				DFAE7CE01ABD49D100602EF8 /* Model.m */,
				DFBB49FB1ABD39C4005380D4 /* Supporting Files */,
			);
			path = RoleModel;
			sourceTree = "<group>";
		};
		DFBB49FB1ABD39C4005380D4 /* Supporting Files */ = {
			isa = PBXGroup;
			children = (
				DFBB49FC1ABD39C4005380D4 /* Info.plist */,
				DFBB49FD1ABD39C4005380D4 /* main.m */,
			);
			name = "Supporting Files";
			sourceTree = "<group>";
		};
		DFBB4A141ABD39C4005380D4 /* RoleModelTests */ = {
			isa = PBXGroup;
			children = (
				DFBB4A171ABD39C4005380D4 /* RoleModelTests.m */,
				DFBB4A151ABD39C4005380D4 /* Supporting Files */,
			);
			path = RoleModelTests;
			sourceTree = "<group>";
		};
		DFBB4A151ABD39C4005380D4 /* Supporting Files */ = {
			isa = PBXGroup;
			children = (
				DFBB4A161ABD39C4005380D4 /* Info.plist */,
			);
			name = "Supporting Files";
			sourceTree = "<group>";
		};
/* End PBXGroup section */

/* Begin PBXNativeTarget section */
		DFBB49F71ABD39C4005380D4 /* RoleModel */ = {
			isa = PBXNativeTarget;
			buildConfigurationList = DFBB4A1B1ABD39C4005380D4 /* Build configuration list for PBXNativeTarget "RoleModel" */;
			buildPhases = (
				DFBB49F41ABD39C4005380D4 /* Sources */,
				DFBB49F51ABD39C4005380D4 /* Frameworks */,
				DFBB49F61ABD39C4005380D4 /* Resources */,
			);
			buildRules = (
			);
			dependencies = (
			);
			name = RoleModel;
			productName = RoleModel;
			productReference = DFBB49F81ABD39C4005380D4 /* RoleModel.app */;
			productType = "com.apple.product-type.application";
		};
		DFBB4A101ABD39C4005380D4 /* RoleModelTests */ = {
			isa = PBXNativeTarget;
			buildConfigurationList = DFBB4A1E1ABD39C4005380D4 /* Build configuration list for PBXNativeTarget "RoleModelTests" */;
			buildPhases = (
				DFBB4A0D1ABD39C4005380D4 /* Sources */,
				DFBB4A0E1ABD39C4005380D4 /* Frameworks */,
				DFBB4A0F1ABD39C4005380D4 /* Resources */,
			);
			buildRules = (
			);
			dependencies = (
				DFBB4A131ABD39C4005380D4 /* PBXTargetDependency */,
			);
			name = RoleModelTests;
			productName = RoleModelTests;
			productReference = DFBB4A111ABD39C4005380D4 /* RoleModelTests.xctest */;
			productType = "com.apple.product-type.bundle.unit-test";
		};
/* End PBXNativeTarget section */

/* Begin PBXProject section */
		DFBB49F01ABD39C4005380D4 /* Project object */ = {
			isa = PBXProject;
			attributes = {
				LastUpgradeCheck = 0610;
				ORGANIZATIONNAME = RoleModel;
				TargetAttributes = {
					DFBB49F71ABD39C4005380D4 = {
						CreatedOnToolsVersion = 6.1.1;
					};
					DFBB4A101ABD39C4005380D4 = {
						CreatedOnToolsVersion = 6.1.1;
						TestTargetID = DFBB49F71ABD39C4005380D4;
					};
				};
			};
			buildConfigurationList = DFBB49F31ABD39C4005380D4 /* Build configuration list for PBXProject "RoleModel" */;
			compatibilityVersion = "Xcode 3.2";
			developmentRegion = English;
			hasScannedForEncodings = 0;
			knownRegions = (
				en,
				Base,
				English,
			);
			mainGroup = DFBB49EF1ABD39C4005380D4;
			productRefGroup = DFBB49F91ABD39C4005380D4 /* Products */;
			projectDirPath = "";
			projectRoot = "";
			targets = (
				DFBB49F71ABD39C4005380D4 /* RoleModel */,
				DFBB4A101ABD39C4005380D4 /* RoleModelTests */,
			);
		};
/* End PBXProject section */

/* Begin PBXResourcesBuildPhase section */
		DFBB49F61ABD39C4005380D4 /* Resources */ = {
			isa = PBXResourcesBuildPhase;
			buildActionMask = 2147483647;
			files = (
				DFAE7D2C1ABDE95800602EF8 /* RoleModelSplash.png in Resources */,
				DFAE7D491ABE94B900602EF8 /* RoleModelBackground2.png in Resources */,
				DFAE7D3D1ABE83B100602EF8 /* Buttonred_clip_art_hight.png in Resources */,
				DFAE7D3F1ABE83B700602EF8 /* Buttongreen_clip_art_hight.png in Resources */,
				DFBB4A071ABD39C4005380D4 /* Main.storyboard in Resources */,
				DFAE7D4B1ABE94C100602EF8 /* RoleModelBackground.png in Resources */,
				DFBB4A0C1ABD39C4005380D4 /* LaunchScreen.xib in Resources */,
				DFBB4A091ABD39C4005380D4 /* Images.xcassets in Resources */,
			);
			runOnlyForDeploymentPostprocessing = 0;
		};
		DFBB4A0F1ABD39C4005380D4 /* Resources */ = {
			isa = PBXResourcesBuildPhase;
			buildActionMask = 2147483647;
			files = (
			);
			runOnlyForDeploymentPostprocessing = 0;
		};
/* End PBXResourcesBuildPhase section */

/* Begin PBXSourcesBuildPhase section */
		DFBB49F41ABD39C4005380D4 /* Sources */ = {
			isa = PBXSourcesBuildPhase;
			buildActionMask = 2147483647;
			files = (
				DFBB4A041ABD39C4005380D4 /* ViewController.m in Sources */,
				DFAE7CDB1ABD442600602EF8 /* ModelTableViewController.m in Sources */,
				DFAE7CE11ABD49D100602EF8 /* Model.m in Sources */,
				DFAE7CE41ABD571000602EF8 /* NewModelViewController.m in Sources */,
				DFAE7CE71ABD572300602EF8 /* CompareModelViewController.m in Sources */,
				DFBB4A011ABD39C4005380D4 /* AppDelegate.m in Sources */,
				DFBB49FE1ABD39C4005380D4 /* main.m in Sources */,
				DFAE7D4E1ABE9ACF00602EF8 /* ModelGraphViewController.m in Sources */,
			);
			runOnlyForDeploymentPostprocessing = 0;
		};
		DFBB4A0D1ABD39C4005380D4 /* Sources */ = {
			isa = PBXSourcesBuildPhase;
			buildActionMask = 2147483647;
			files = (
				DFBB4A181ABD39C4005380D4 /* RoleModelTests.m in Sources */,
			);
			runOnlyForDeploymentPostprocessing = 0;
		};
/* End PBXSourcesBuildPhase section */

/* Begin PBXTargetDependency section */
		DFBB4A131ABD39C4005380D4 /* PBXTargetDependency */ = {
			isa = PBXTargetDependency;
			target = DFBB49F71ABD39C4005380D4 /* RoleModel */;
			targetProxy = DFBB4A121ABD39C4005380D4 /* PBXContainerItemProxy */;
		};
/* End PBXTargetDependency section */

/* Begin PBXVariantGroup section */
		DFBB4A051ABD39C4005380D4 /* Main.storyboard */ = {
			isa = PBXVariantGroup;
			children = (
				DFBB4A061ABD39C4005380D4 /* Base */,
			);
			name = Main.storyboard;
			sourceTree = "<group>";
		};
		DFBB4A0A1ABD39C4005380D4 /* LaunchScreen.xib */ = {
			isa = PBXVariantGroup;
			children = (
				DFBB4A0B1ABD39C4005380D4 /* Base */,
			);
			name = LaunchScreen.xib;
			sourceTree = "<group>";
		};
/* End PBXVariantGroup section */

/* Begin XCBuildConfiguration section */
		DFBB4A191ABD39C4005380D4 /* Debug */ = {
			isa = XCBuildConfiguration;
			buildSettings = {
				ALWAYS_SEARCH_USER_PATHS = NO;
				CLANG_CXX_LANGUAGE_STANDARD = "gnu++0x";
				CLANG_CXX_LIBRARY = "libc++";
				CLANG_ENABLE_MODULES = YES;
				CLANG_ENABLE_OBJC_ARC = YES;
				CLANG_WARN_BOOL_CONVERSION = YES;
				CLANG_WARN_CONSTANT_CONVERSION = YES;
				CLANG_WARN_DIRECT_OBJC_ISA_USAGE = YES_ERROR;
				CLANG_WARN_EMPTY_BODY = YES;
				CLANG_WARN_ENUM_CONVERSION = YES;
				CLANG_WARN_INT_CONVERSION = YES;
				CLANG_WARN_OBJC_ROOT_CLASS = YES_ERROR;
				CLANG_WARN_UNREACHABLE_CODE = YES;
				CLANG_WARN__DUPLICATE_METHOD_MATCH = YES;
				"CODE_SIGN_IDENTITY[sdk=iphoneos*]" = "iPhone Developer";
				COPY_PHASE_STRIP = NO;
				ENABLE_STRICT_OBJC_MSGSEND = YES;
				GCC_C_LANGUAGE_STANDARD = gnu99;
				GCC_DYNAMIC_NO_PIC = NO;
				GCC_OPTIMIZATION_LEVEL = 0;
				GCC_PREPROCESSOR_DEFINITIONS = (
					"DEBUG=1",
					"$(inherited)",
				);
				GCC_SYMBOLS_PRIVATE_EXTERN = NO;
				GCC_WARN_64_TO_32_BIT_CONVERSION = YES;
				GCC_WARN_ABOUT_RETURN_TYPE = YES_ERROR;
				GCC_WARN_UNDECLARED_SELECTOR = YES;
				GCC_WARN_UNINITIALIZED_AUTOS = YES_AGGRESSIVE;
				GCC_WARN_UNUSED_FUNCTION = YES;
				GCC_WARN_UNUSED_VARIABLE = YES;
				IPHONEOS_DEPLOYMENT_TARGET = 8.1;
				MTL_ENABLE_DEBUG_INFO = YES;
				ONLY_ACTIVE_ARCH = YES;
				OTHER_LDFLAGS = (
					"-ObjC",
					"-all_load",
				);
				SDKROOT = iphoneos;
				TARGETED_DEVICE_FAMILY = "1,2";
			};
			name = Debug;
		};
		DFBB4A1A1ABD39C4005380D4 /* Release */ = {
			isa = XCBuildConfiguration;
			buildSettings = {
				ALWAYS_SEARCH_USER_PATHS = NO;
				CLANG_CXX_LANGUAGE_STANDARD = "gnu++0x";
				CLANG_CXX_LIBRARY = "libc++";
				CLANG_ENABLE_MODULES = YES;
				CLANG_ENABLE_OBJC_ARC = YES;
				CLANG_WARN_BOOL_CONVERSION = YES;
				CLANG_WARN_CONSTANT_CONVERSION = YES;
				CLANG_WARN_DIRECT_OBJC_ISA_USAGE = YES_ERROR;
				CLANG_WARN_EMPTY_BODY = YES;
				CLANG_WARN_ENUM_CONVERSION = YES;
				CLANG_WARN_INT_CONVERSION = YES;
				CLANG_WARN_OBJC_ROOT_CLASS = YES_ERROR;
				CLANG_WARN_UNREACHABLE_CODE = YES;
				CLANG_WARN__DUPLICATE_METHOD_MATCH = YES;
				"CODE_SIGN_IDENTITY[sdk=iphoneos*]" = "iPhone Developer";
				COPY_PHASE_STRIP = YES;
				ENABLE_NS_ASSERTIONS = NO;
				ENABLE_STRICT_OBJC_MSGSEND = YES;
				GCC_C_LANGUAGE_STANDARD = gnu99;
				GCC_WARN_64_TO_32_BIT_CONVERSION = YES;
				GCC_WARN_ABOUT_RETURN_TYPE = YES_ERROR;
				GCC_WARN_UNDECLARED_SELECTOR = YES;
				GCC_WARN_UNINITIALIZED_AUTOS = YES_AGGRESSIVE;
				GCC_WARN_UNUSED_FUNCTION = YES;
				GCC_WARN_UNUSED_VARIABLE = YES;
				IPHONEOS_DEPLOYMENT_TARGET = 8.1;
				MTL_ENABLE_DEBUG_INFO = NO;
				ONLY_ACTIVE_ARCH = YES;
				OTHER_LDFLAGS = (
					"-ObjC",
					"-all_load",
				);
				SDKROOT = iphoneos;
				TARGETED_DEVICE_FAMILY = "1,2";
				VALIDATE_PRODUCT = YES;
			};
			name = Release;
		};
		DFBB4A1C1ABD39C4005380D4 /* Debug */ = {
			isa = XCBuildConfiguration;
			buildSettings = {
				ASSETCATALOG_COMPILER_APPICON_NAME = AppIcon;
				FRAMEWORK_SEARCH_PATHS = (
					"$(inherited)",
					"$(PROJECT_DIR)",
				);
				INFOPLIST_FILE = RoleModel/Info.plist;
				LD_RUNPATH_SEARCH_PATHS = "$(inherited) @executable_path/Frameworks";
				LIBRARY_SEARCH_PATHS = (
					"$(inherited)",
					"$(PROJECT_DIR)",
					/Users/bigwangsmash/Downloads/CorePlot_1.4/Binaries/iOS,
				);
				PRODUCT_NAME = "$(TARGET_NAME)";
				TARGETED_DEVICE_FAMILY = "1,2";
			};
			name = Debug;
		};
		DFBB4A1D1ABD39C4005380D4 /* Release */ = {
			isa = XCBuildConfiguration;
			buildSettings = {
				ASSETCATALOG_COMPILER_APPICON_NAME = AppIcon;
				FRAMEWORK_SEARCH_PATHS = (
					"$(inherited)",
					"$(PROJECT_DIR)",
				);
				INFOPLIST_FILE = RoleModel/Info.plist;
				LD_RUNPATH_SEARCH_PATHS = "$(inherited) @executable_path/Frameworks";
				LIBRARY_SEARCH_PATHS = (
					"$(inherited)",
					"$(PROJECT_DIR)",
					/Users/bigwangsmash/Downloads/CorePlot_1.4/Binaries/iOS,
				);
				PRODUCT_NAME = "$(TARGET_NAME)";
				TARGETED_DEVICE_FAMILY = "1,2";
			};
			name = Release;
		};
		DFBB4A1F1ABD39C4005380D4 /* Debug */ = {
			isa = XCBuildConfiguration;
			buildSettings = {
				BUNDLE_LOADER = "$(TEST_HOST)";
				FRAMEWORK_SEARCH_PATHS = (
					"$(SDKROOT)/Developer/Library/Frameworks",
					"$(inherited)",
				);
				GCC_PREPROCESSOR_DEFINITIONS = (
					"DEBUG=1",
					"$(inherited)",
				);
				INFOPLIST_FILE = RoleModelTests/Info.plist;
				LD_RUNPATH_SEARCH_PATHS = "$(inherited) @executable_path/Frameworks @loader_path/Frameworks";
				PRODUCT_NAME = "$(TARGET_NAME)";
				TEST_HOST = "$(BUILT_PRODUCTS_DIR)/RoleModel.app/RoleModel";
			};
			name = Debug;
		};
		DFBB4A201ABD39C4005380D4 /* Release */ = {
			isa = XCBuildConfiguration;
			buildSettings = {
				BUNDLE_LOADER = "$(TEST_HOST)";
				FRAMEWORK_SEARCH_PATHS = (
					"$(SDKROOT)/Developer/Library/Frameworks",
					"$(inherited)",
				);
				INFOPLIST_FILE = RoleModelTests/Info.plist;
				LD_RUNPATH_SEARCH_PATHS = "$(inherited) @executable_path/Frameworks @loader_path/Frameworks";
				PRODUCT_NAME = "$(TARGET_NAME)";
				TEST_HOST = "$(BUILT_PRODUCTS_DIR)/RoleModel.app/RoleModel";
			};
			name = Release;
		};
/* End XCBuildConfiguration section */

/* Begin XCConfigurationList section */
		DFBB49F31ABD39C4005380D4 /* Build configuration list for PBXProject "RoleModel" */ = {
			isa = XCConfigurationList;
			buildConfigurations = (
				DFBB4A191ABD39C4005380D4 /* Debug */,
				DFBB4A1A1ABD39C4005380D4 /* Release */,
			);
			defaultConfigurationIsVisible = 0;
			defaultConfigurationName = Release;
		};
		DFBB4A1B1ABD39C4005380D4 /* Build configuration list for PBXNativeTarget "RoleModel" */ = {
			isa = XCConfigurationList;
			buildConfigurations = (
				DFBB4A1C1ABD39C4005380D4 /* Debug */,
				DFBB4A1D1ABD39C4005380D4 /* Release */,
			);
			defaultConfigurationIsVisible = 0;
			defaultConfigurationName = Release;
		};
		DFBB4A1E1ABD39C4005380D4 /* Build configuration list for PBXNativeTarget "RoleModelTests" */ = {
			isa = XCConfigurationList;
			buildConfigurations = (
				DFBB4A1F1ABD39C4005380D4 /* Debug */,
				DFBB4A201ABD39C4005380D4 /* Release */,
			);
			defaultConfigurationIsVisible = 0;
			defaultConfigurationName = Release;
		};
/* End XCConfigurationList section */
	};
	rootObject = DFBB49F01ABD39C4005380D4 /* Project object */;
}
